---
label: "[Block] Slate Video"
hide_body: true
fields:
- name: type
  type: text
  config:
    required: true
  label: Type
  hidden: true
  default: slate_video_block
  description: Do not change. This field is only visible to Forestry admins.
- name: slatename
  type: text
  config:
    required: true
  label: Slate Name
  description: ''
