---
label: "[Block] Image"
hide_body: true
fields:
- name: type
  type: text
  config:
    required: true
  label: Type
  hidden: true
  default: image_block
- name: cols
  type: include
  config: {}
  template: columns
  label: Columns
- name: src
  type: file
  config:
    maxSize: 64
  label: Image
